
Microsoft Visual Studio Solution File, Format Version 12.00
# Visual Studio Version 16
VisualStudioVersion = 16.0.33027.164
MinimumVisualStudioVersion = 10.0.40219.1
Project("{FAE04EC0-301F-11D3-BF4B-00C04F79EFBC}") = "Ex04.Menus.Test", "Ex04.Menus.Test\Ex04.Menus.Test.csproj", "{96804571-041C-4165-81DB-1ADEFF234EF9}"
EndProject
Project("{FAE04EC0-301F-11D3-BF4B-00C04F79EFBC}") = "Ex04.Menus.Interfaces", "Ex04.Menus.Interfaces\Ex04.Menus.Interfaces.csproj", "{3C251AE3-DA40-4D52-A305-9C7D6955FF36}"
EndProject
Project("{FAE04EC0-301F-11D3-BF4B-00C04F79EFBC}") = "Ex04.Menus.Delegates", "Ex04.Menus.Delegates\Ex04.Menus.Delegates.csproj", "{9A47E1F8-176D-4CC2-B223-67B77A2A5C91}"
EndProject
Global
	GlobalSection(SolutionConfigurationPlatforms) = preSolution
		Debug|Any CPU = Debug|Any CPU
		Release|Any CPU = Release|Any CPU
	EndGlobalSection
	GlobalSection(ProjectConfigurationPlatforms) = postSolution
		{96804571-041C-4165-81DB-1ADEFF234EF9}.Debug|Any CPU.ActiveCfg = Debug|Any CPU
		{96804571-041C-4165-81DB-1ADEFF234EF9}.Debug|Any CPU.Build.0 = Debug|Any CPU
		{96804571-041C-4165-81DB-1ADEFF234EF9}.Release|Any CPU.ActiveCfg = Release|Any CPU
		{96804571-041C-4165-81DB-1ADEFF234EF9}.Release|Any CPU.Build.0 = Release|Any CPU
		{3C251AE3-DA40-4D52-A305-9C7D6955FF36}.Debug|Any CPU.ActiveCfg = Debug|Any CPU
		{3C251AE3-DA40-4D52-A305-9C7D6955FF36}.Debug|Any CPU.Build.0 = Debug|Any CPU
		{3C251AE3-DA40-4D52-A305-9C7D6955FF36}.Release|Any CPU.ActiveCfg = Release|Any CPU
		{3C251AE3-DA40-4D52-A305-9C7D6955FF36}.Release|Any CPU.Build.0 = Release|Any CPU
		{9A47E1F8-176D-4CC2-B223-67B77A2A5C91}.Debug|Any CPU.ActiveCfg = Debug|Any CPU
		{9A47E1F8-176D-4CC2-B223-67B77A2A5C91}.Debug|Any CPU.Build.0 = Debug|Any CPU
		{9A47E1F8-176D-4CC2-B223-67B77A2A5C91}.Release|Any CPU.ActiveCfg = Release|Any CPU
		{9A47E1F8-176D-4CC2-B223-67B77A2A5C91}.Release|Any CPU.Build.0 = Release|Any CPU
	EndGlobalSection
	GlobalSection(SolutionProperties) = preSolution
		HideSolutionNode = FALSE
	EndGlobalSection
	GlobalSection(ExtensibilityGlobals) = postSolution
		SolutionGuid = {3B97EDDA-9A42-4B09-9532-767E4D4D436F}
	EndGlobalSection
EndGlobal
